
Microsoft Visual Studio Solution File, Format Version 10.00
# Visual Studio 2008
Project("{8BC9CEB8-8B4A-11D0-8D11-00A0C91BC942}") = "natsort", "natsort.vcproj", "{4AC038E8-1882-41F5-B9FF-B6D22DEB21FB}"
EndProject
Global
	GlobalSection(SolutionConfigurationPlatforms) = preSolution
		Debug|Win32 = Debug|Win32
		Release|Win32 = Release|Win32
	EndGlobalSection
	GlobalSection(ProjectConfigurationPlatforms) = postSolution
		{4AC038E8-1882-41F5-B9FF-B6D22DEB21FB}.Debug|Win32.ActiveCfg = Debug|Win32
		{4AC038E8-1882-41F5-B9FF-B6D22DEB21FB}.Debug|Win32.Build.0 = Debug|Win32
		{4AC038E8-1882-41F5-B9FF-B6D22DEB21FB}.Release|Win32.ActiveCfg = Release|Win32
		{4AC038E8-1882-41F5-B9FF-B6D22DEB21FB}.Release|Win32.Build.0 = Release|Win32
	EndGlobalSection
	GlobalSection(SolutionProperties) = preSolution
		HideSolutionNode = FALSE
	EndGlobalSection
EndGlobal
